
Microsoft Visual Studio Solution File, Format Version 12.00
# Visual Studio 2012
Project("{FAE04EC0-301F-11D3-BF4B-00C04F79EFBC}") = "BetoApp.Android", "BetoApp.Android\BetoApp.Android.csproj", "{33E67F99-8BFC-40A6-8E6F-1C00D83DE9BC}"
EndProject
Project("{FAE04EC0-301F-11D3-BF4B-00C04F79EFBC}") = "BetoApp.iOS", "BetoApp.iOS\BetoApp.iOS.csproj", "{1B78780C-A450-49C8-A450-602BC03F71E7}"
EndProject
Project("{FAE04EC0-301F-11D3-BF4B-00C04F79EFBC}") = "BetoApp", "BetoApp\BetoApp.csproj", "{8F1C0EC0-AF77-49AF-BD80-278544E3619A}"
EndProject
Global
	GlobalSection(SolutionConfigurationPlatforms) = preSolution
		Debug|Any CPU = Debug|Any CPU
		Release|Any CPU = Release|Any CPU
		Debug|iPhoneSimulator = Debug|iPhoneSimulator
		Release|iPhoneSimulator = Release|iPhoneSimulator
		Debug|iPhone = Debug|iPhone
		Release|iPhone = Release|iPhone
		Ad-Hoc|iPhone = Ad-Hoc|iPhone
		AppStore|iPhone = AppStore|iPhone
	EndGlobalSection
	GlobalSection(ProjectConfigurationPlatforms) = postSolution
		{33E67F99-8BFC-40A6-8E6F-1C00D83DE9BC}.Debug|Any CPU.ActiveCfg = Debug|Any CPU
		{33E67F99-8BFC-40A6-8E6F-1C00D83DE9BC}.Debug|Any CPU.Build.0 = Debug|Any CPU
		{33E67F99-8BFC-40A6-8E6F-1C00D83DE9BC}.Release|Any CPU.ActiveCfg = Release|Any CPU
		{33E67F99-8BFC-40A6-8E6F-1C00D83DE9BC}.Release|Any CPU.Build.0 = Release|Any CPU
		{33E67F99-8BFC-40A6-8E6F-1C00D83DE9BC}.Debug|iPhoneSimulator.ActiveCfg = Debug|Any CPU
		{33E67F99-8BFC-40A6-8E6F-1C00D83DE9BC}.Debug|iPhoneSimulator.Build.0 = Debug|Any CPU
		{33E67F99-8BFC-40A6-8E6F-1C00D83DE9BC}.Release|iPhoneSimulator.ActiveCfg = Release|Any CPU
		{33E67F99-8BFC-40A6-8E6F-1C00D83DE9BC}.Release|iPhoneSimulator.Build.0 = Release|Any CPU
		{33E67F99-8BFC-40A6-8E6F-1C00D83DE9BC}.Debug|iPhone.ActiveCfg = Debug|Any CPU
		{33E67F99-8BFC-40A6-8E6F-1C00D83DE9BC}.Debug|iPhone.Build.0 = Debug|Any CPU
		{33E67F99-8BFC-40A6-8E6F-1C00D83DE9BC}.Release|iPhone.ActiveCfg = Release|Any CPU
		{33E67F99-8BFC-40A6-8E6F-1C00D83DE9BC}.Release|iPhone.Build.0 = Release|Any CPU
		{33E67F99-8BFC-40A6-8E6F-1C00D83DE9BC}.Ad-Hoc|iPhone.ActiveCfg = Debug|Any CPU
		{33E67F99-8BFC-40A6-8E6F-1C00D83DE9BC}.Ad-Hoc|iPhone.Build.0 = Debug|Any CPU
		{33E67F99-8BFC-40A6-8E6F-1C00D83DE9BC}.AppStore|iPhone.ActiveCfg = Debug|Any CPU
		{33E67F99-8BFC-40A6-8E6F-1C00D83DE9BC}.AppStore|iPhone.Build.0 = Debug|Any CPU
		{1B78780C-A450-49C8-A450-602BC03F71E7}.Debug|Any CPU.ActiveCfg = Debug|iPhoneSimulator
		{1B78780C-A450-49C8-A450-602BC03F71E7}.Debug|Any CPU.Build.0 = Debug|iPhoneSimulator
		{1B78780C-A450-49C8-A450-602BC03F71E7}.Release|Any CPU.ActiveCfg = Release|iPhoneSimulator
		{1B78780C-A450-49C8-A450-602BC03F71E7}.Release|Any CPU.Build.0 = Release|iPhoneSimulator
		{1B78780C-A450-49C8-A450-602BC03F71E7}.Debug|iPhoneSimulator.ActiveCfg = Debug|iPhoneSimulator
		{1B78780C-A450-49C8-A450-602BC03F71E7}.Debug|iPhoneSimulator.Build.0 = Debug|iPhoneSimulator
		{1B78780C-A450-49C8-A450-602BC03F71E7}.Release|iPhoneSimulator.ActiveCfg = Release|iPhoneSimulator
		{1B78780C-A450-49C8-A450-602BC03F71E7}.Release|iPhoneSimulator.Build.0 = Release|iPhoneSimulator
		{1B78780C-A450-49C8-A450-602BC03F71E7}.Debug|iPhone.ActiveCfg = Debug|iPhone
		{1B78780C-A450-49C8-A450-602BC03F71E7}.Debug|iPhone.Build.0 = Debug|iPhone
		{1B78780C-A450-49C8-A450-602BC03F71E7}.Release|iPhone.ActiveCfg = Release|iPhone
		{1B78780C-A450-49C8-A450-602BC03F71E7}.Release|iPhone.Build.0 = Release|iPhone
		{1B78780C-A450-49C8-A450-602BC03F71E7}.Ad-Hoc|iPhone.ActiveCfg = Ad-Hoc|iPhone
		{1B78780C-A450-49C8-A450-602BC03F71E7}.Ad-Hoc|iPhone.Build.0 = Ad-Hoc|iPhone
		{1B78780C-A450-49C8-A450-602BC03F71E7}.AppStore|iPhone.ActiveCfg = AppStore|iPhone
		{1B78780C-A450-49C8-A450-602BC03F71E7}.AppStore|iPhone.Build.0 = AppStore|iPhone
		{8F1C0EC0-AF77-49AF-BD80-278544E3619A}.Debug|Any CPU.ActiveCfg = Debug|Any CPU
		{8F1C0EC0-AF77-49AF-BD80-278544E3619A}.Debug|Any CPU.Build.0 = Debug|Any CPU
		{8F1C0EC0-AF77-49AF-BD80-278544E3619A}.Release|Any CPU.ActiveCfg = Release|Any CPU
		{8F1C0EC0-AF77-49AF-BD80-278544E3619A}.Release|Any CPU.Build.0 = Release|Any CPU
		{8F1C0EC0-AF77-49AF-BD80-278544E3619A}.Debug|iPhoneSimulator.ActiveCfg = Debug|Any CPU
		{8F1C0EC0-AF77-49AF-BD80-278544E3619A}.Debug|iPhoneSimulator.Build.0 = Debug|Any CPU
		{8F1C0EC0-AF77-49AF-BD80-278544E3619A}.Release|iPhoneSimulator.ActiveCfg = Release|Any CPU
		{8F1C0EC0-AF77-49AF-BD80-278544E3619A}.Release|iPhoneSimulator.Build.0 = Release|Any CPU
		{8F1C0EC0-AF77-49AF-BD80-278544E3619A}.Debug|iPhone.ActiveCfg = Debug|Any CPU
		{8F1C0EC0-AF77-49AF-BD80-278544E3619A}.Debug|iPhone.Build.0 = Debug|Any CPU
		{8F1C0EC0-AF77-49AF-BD80-278544E3619A}.Release|iPhone.ActiveCfg = Release|Any CPU
		{8F1C0EC0-AF77-49AF-BD80-278544E3619A}.Release|iPhone.Build.0 = Release|Any CPU
		{8F1C0EC0-AF77-49AF-BD80-278544E3619A}.Ad-Hoc|iPhone.ActiveCfg = Debug|Any CPU
		{8F1C0EC0-AF77-49AF-BD80-278544E3619A}.Ad-Hoc|iPhone.Build.0 = Debug|Any CPU
		{8F1C0EC0-AF77-49AF-BD80-278544E3619A}.AppStore|iPhone.ActiveCfg = Debug|Any CPU
		{8F1C0EC0-AF77-49AF-BD80-278544E3619A}.AppStore|iPhone.Build.0 = Debug|Any CPU
	EndGlobalSection
EndGlobal
